
Microsoft Visual Studio Solution File, Format Version 12.00
# Visual Studio 15
Project("{FAE04EC0-301F-11D3-BF4B-00C04F79EFBC}") = "Assembly-CSharp", "Assembly-CSharp.csproj", "{FBB1343A-8535-2EB1-C412-53AEFCD91CC3}"
EndProject
Project("{FAE04EC0-301F-11D3-BF4B-00C04F79EFBC}") = "Assembly-CSharp-firstpass", "Assembly-CSharp-firstpass.csproj", "{40E2DF60-12CD-12EE-1D9F-B179602DE503}"
EndProject
Project("{FAE04EC0-301F-11D3-BF4B-00C04F79EFBC}") = "Assembly-CSharp-Editor-firstpass", "Assembly-CSharp-Editor-firstpass.csproj", "{1A88C0EB-2981-6D76-5BC4-EE75041662B1}"
EndProject
Global
	GlobalSection(SolutionConfigurationPlatforms) = preSolution
		Debug|Any CPU = Debug|Any CPU
		Release|Any CPU = Release|Any CPU
	EndGlobalSection
	GlobalSection(ProjectConfigurationPlatforms) = postSolution
		{FBB1343A-8535-2EB1-C412-53AEFCD91CC3}.Debug|Any CPU.ActiveCfg = Debug|Any CPU
		{FBB1343A-8535-2EB1-C412-53AEFCD91CC3}.Debug|Any CPU.Build.0 = Debug|Any CPU
		{FBB1343A-8535-2EB1-C412-53AEFCD91CC3}.Release|Any CPU.ActiveCfg = Release|Any CPU
		{FBB1343A-8535-2EB1-C412-53AEFCD91CC3}.Release|Any CPU.Build.0 = Release|Any CPU
		{40E2DF60-12CD-12EE-1D9F-B179602DE503}.Debug|Any CPU.ActiveCfg = Debug|Any CPU
		{40E2DF60-12CD-12EE-1D9F-B179602DE503}.Debug|Any CPU.Build.0 = Debug|Any CPU
		{40E2DF60-12CD-12EE-1D9F-B179602DE503}.Release|Any CPU.ActiveCfg = Release|Any CPU
		{40E2DF60-12CD-12EE-1D9F-B179602DE503}.Release|Any CPU.Build.0 = Release|Any CPU
		{1A88C0EB-2981-6D76-5BC4-EE75041662B1}.Debug|Any CPU.ActiveCfg = Debug|Any CPU
		{1A88C0EB-2981-6D76-5BC4-EE75041662B1}.Debug|Any CPU.Build.0 = Debug|Any CPU
		{1A88C0EB-2981-6D76-5BC4-EE75041662B1}.Release|Any CPU.ActiveCfg = Release|Any CPU
		{1A88C0EB-2981-6D76-5BC4-EE75041662B1}.Release|Any CPU.Build.0 = Release|Any CPU
	EndGlobalSection
	GlobalSection(SolutionProperties) = preSolution
		HideSolutionNode = FALSE
	EndGlobalSection
EndGlobal
